# THIS IS AN AUTOGENERATED FILE. DO NOT EDIT THIS FILE DIRECTLY.
# yarn lockfile v1


access-control@~1.0.0:
  version "1.0.0"
  resolved "https://registry.yarnpkg.com/access-control/-/access-control-1.0.0.tgz#aeba282cee77313e85240163d69e35b29e36d626"
  dependencies:
    millisecond "0.1.x"
    setheader "0.0.x"
    vary "1.1.x"

asyncemit@~3.0.1:
  version "3.0.1"
  resolved "https://registry.yarnpkg.com/asyncemit/-/asyncemit-3.0.1.tgz#cc3e0fe0da39b53cc15e5b3aa8616ea6a72bd599"

color-convert@^0.5.0:
  version "0.5.3"
  resolved "https://registry.yarnpkg.com/color-convert/-/color-convert-0.5.3.tgz#bdb6c69ce660fadffe0b0007cc447e1b9f7282bd"

color-name@^1.0.0:
  version "1.1.2"
  resolved "https://registry.yarnpkg.com/color-name/-/color-name-1.1.2.tgz#5c8ab72b64bd2215d617ae9559ebb148475cf98d"

color-string@^0.3.0:
  version "0.3.0"
  resolved "https://registry.yarnpkg.com/color-string/-/color-string-0.3.0.tgz#27d46fb67025c5c2fa25993bfbf579e47841b991"
  dependencies:
    color-name "^1.0.0"

color@0.8.x:
  version "0.8.0"
  resolved "https://registry.yarnpkg.com/color/-/color-0.8.0.tgz#890c07c3fd4e649537638911cf691e5458b6fca5"
  dependencies:
    color-convert "^0.5.0"
    color-string "^0.3.0"

colornames@0.0.2:
  version "0.0.2"
  resolved "https://registry.yarnpkg.com/colornames/-/colornames-0.0.2.tgz#d811fd6c84f59029499a8ac4436202935b92be31"

colorspace@1.0.x:
  version "1.0.1"
  resolved "https://registry.yarnpkg.com/colorspace/-/colorspace-1.0.1.tgz#c99c796ed31128b9876a52e1ee5ee03a4a719749"
  dependencies:
    color "0.8.x"
    text-hex "0.0.x"

connected@0.0.x:
  version "0.0.2"
  resolved "https://registry.yarnpkg.com/connected/-/connected-0.0.2.tgz#7b5755b216ce31ffabccc38e9f4e1dfc1c3b7c6d"

create-server@~1.0.1:
  version "1.0.1"
  resolved "https://registry.yarnpkg.com/create-server/-/create-server-1.0.1.tgz#164342834f188bbec7c7bc4667463cc2b1304c44"
  dependencies:
    connected "0.0.x"

debug@0.7.x:
  version "0.7.4"
  resolved "https://registry.yarnpkg.com/debug/-/debug-0.7.4.tgz#06e1ea8082c2cb14e39806e22e2f6f757f92af39"

diagnostics@~1.1.0:
  version "1.1.0"
  resolved "https://registry.yarnpkg.com/diagnostics/-/diagnostics-1.1.0.tgz#e1090900b49523e8527be20f081275205f2ae36a"
  dependencies:
    colorspace "1.0.x"
    enabled "1.0.x"
    kuler "0.0.x"

ejson@^2.1.2:
  version "2.1.2"
  resolved "https://registry.yarnpkg.com/ejson/-/ejson-2.1.2.tgz#0eed4055bc7e0e7561fe59e8c320edc3ff8ce7df"
  dependencies:
    underscore "1.8.x"

emits@3.0.x:
  version "3.0.0"
  resolved "https://registry.yarnpkg.com/emits/-/emits-3.0.0.tgz#32752bba95e1707b219562384ab9bb8b1fd62f70"

enabled@1.0.x:
  version "1.0.2"
  resolved "https://registry.yarnpkg.com/enabled/-/enabled-1.0.2.tgz#965f6513d2c2d1c5f4652b64a2e3396467fc2f93"
  dependencies:
    env-variable "0.0.x"

env-variable@0.0.x:
  version "0.0.3"
  resolved "https://registry.yarnpkg.com/env-variable/-/env-variable-0.0.3.tgz#b86c1641be5610267d506f18071ea76d707097cb"

eventemitter3@~2.0.2:
  version "2.0.3"
  resolved "https://registry.yarnpkg.com/eventemitter3/-/eventemitter3-2.0.3.tgz#b5e1079b59fb5e1ba2771c0a993be060a58c99ba"

extendible@0.1.x:
  version "0.1.1"
  resolved "https://registry.yarnpkg.com/extendible/-/extendible-0.1.1.tgz#e2a37ed87129fb4f9533e8a8d7506230a539c905"

forwarded-for@~1.0.1:
  version "1.0.1"
  resolved "https://registry.yarnpkg.com/forwarded-for/-/forwarded-for-1.0.1.tgz#e7da4814025168ffc0a10d3ff79e1415f46af469"

fusing@~1.0.0:
  version "1.0.0"
  resolved "https://registry.yarnpkg.com/fusing/-/fusing-1.0.0.tgz#550c15d76af9265778aa051ece44d4000a098d45"
  dependencies:
    emits "3.0.x"
    predefine "0.1.x"

kuler@0.0.x:
  version "0.0.0"
  resolved "https://registry.yarnpkg.com/kuler/-/kuler-0.0.0.tgz#b66bb46b934e550f59d818848e0abba4f7f5553c"
  dependencies:
    colornames "0.0.2"

millisecond@0.1.x:
  version "0.1.2"
  resolved "https://registry.yarnpkg.com/millisecond/-/millisecond-0.1.2.tgz#6cc5ad386241cab8e78aff964f87028eec92dac5"

node-uuid@^1.4.7:
  version "1.4.8"
  resolved "https://registry.yarnpkg.com/node-uuid/-/node-uuid-1.4.8.tgz#b040eb0923968afabf8d32fb1f17f1167fdab907"

predefine@0.1.x:
  version "0.1.2"
  resolved "https://registry.yarnpkg.com/predefine/-/predefine-0.1.2.tgz#2aa92b4496bc1f8554e43a45f76bfbe50d33d37f"
  dependencies:
    extendible "0.1.x"

primus@^6.0.8:
  version "6.1.0"
  resolved "https://registry.yarnpkg.com/primus/-/primus-6.1.0.tgz#b3bf4c938eb07874b872bc2b0ce9c0da855d6c12"
  dependencies:
    access-control "~1.0.0"
    asyncemit "~3.0.1"
    create-server "~1.0.1"
    diagnostics "~1.1.0"
    eventemitter3 "~2.0.2"
    forwarded-for "~1.0.1"
    fusing "~1.0.0"
    setheader "~0.0.4"
    ultron "~1.1.0"
    yeast "~0.1.2"

setheader@0.0.x, setheader@~0.0.4:
  version "0.0.4"
  resolved "https://registry.yarnpkg.com/setheader/-/setheader-0.0.4.tgz#926ed28cf762149620931e7aea3f1b95816ec694"
  dependencies:
    debug "0.7.x"

text-hex@0.0.x:
  version "0.0.0"
  resolved "https://registry.yarnpkg.com/text-hex/-/text-hex-0.0.0.tgz#578fbc85a6a92636e42dd17b41d0218cce9eb2b3"

ultron@~1.1.0:
  version "1.1.0"
  resolved "https://registry.yarnpkg.com/ultron/-/ultron-1.1.0.tgz#b07a2e6a541a815fc6a34ccd4533baec307ca864"

underscore@1.8.x, underscore@^1.8.3:
  version "1.8.3"
  resolved "https://registry.yarnpkg.com/underscore/-/underscore-1.8.3.tgz#4f3fb53b106e6097fcf9cb4109f2a5e9bdfa5022"

uws@^0.14.1:
  version "0.14.1"
  resolved "https://registry.yarnpkg.com/uws/-/uws-0.14.1.tgz#89b8eb7bced272c65621472e878c57f4e0e00640"

vary@1.1.x:
  version "1.1.1"
  resolved "https://registry.yarnpkg.com/vary/-/vary-1.1.1.tgz#67535ebb694c1d52257457984665323f587e8d37"

yeast@~0.1.2:
  version "0.1.2"
  resolved "https://registry.yarnpkg.com/yeast/-/yeast-0.1.2.tgz#008e06d8094320c372dbc2f8ed76a0ca6c8ac419"
